<?xml version="1.0" encoding="utf-8"?>
<Project ToolsVersion="4.0" xmlns="http://schemas.microsoft.com/developer/msbuild/2003">
  <ItemGroup>
    <Filter Include="graphs">
      <UniqueIdentifier>{389E6FEF-C85A-4522-A6C3-9934190E9B83}</UniqueIdentifier>
    </Filter>
    <Filter Include="Source Files">
      <UniqueIdentifier>{4757A6EE-0198-4943-9CD3-2D0B2C8990DB}</UniqueIdentifier>
    </Filter>
    <Filter Include="Header Files">
      <UniqueIdentifier>{F1150FAF-F8A6-4071-8AF7-4EA387272ABE}</UniqueIdentifier>
    </Filter>
  </ItemGroup>
  <ItemGroup>
    <ClCompile Include="..\..\src\interpolation.cpp">
      <Filter>Source Files</Filter>
    </ClCompile>
    <ClCompile Include="..\..\src\apexcv_interp_bilinear_grayscale.cpp">
      <Filter>Source Files</Filter>
    </ClCompile>
    <ClCompile Include="..\..\src\apexcv_interp_linear_grayscale.cpp">
      <Filter>Source Files</Filter>
    </ClCompile>
    <ClCompile Include="..\..\src\apexcv_interpolation_ref.cpp">
      <Filter>Source Files</Filter>
    </ClCompile>
    <ClCompile Include="..\..\src\apexcv_interp_bicubic_grayscale.cpp">
      <Filter>Source Files</Filter>
    </ClCompile>
  </ItemGroup>
  <ItemGroup>
    <ClInclude Include="..\..\graphs\interp_bilinear_grayscale_apu_process_desc.hpp">
      <Filter>graphs</Filter>
    </ClInclude>
    <ClInclude Include="..\..\graphs\interp_bilinear_grayscale_graph.hpp">
      <Filter>graphs</Filter>
    </ClInclude>
    <ClInclude Include="..\..\graphs\interp_linear_grayscale_apu_process_desc.hpp">
      <Filter>graphs</Filter>
    </ClInclude>
    <ClInclude Include="..\..\graphs\interp_linear_grayscale_graph.hpp">
      <Filter>graphs</Filter>
    </ClInclude>
    <ClInclude Include="..\..\include\apexcv_base_interpolation.h">
      <Filter>Header Files</Filter>
    </ClInclude>
    <ClInclude Include="..\..\include\apexcv_interp_bilinear_grayscale.h">
      <Filter>Header Files</Filter>
    </ClInclude>
    <ClInclude Include="..\..\include\apexcv_interp_linear_grayscale.h">
      <Filter>Header Files</Filter>
    </ClInclude>
    <ClInclude Include="..\..\include\apexcv_interpolation_ref.h">
      <Filter>Header Files</Filter>
    </ClInclude>
    <ClInclude Include="..\..\include\apexcv_interpolation_test_image.h">
      <Filter>Header Files</Filter>
    </ClInclude>
    <ClInclude Include="..\..\graphs\all_interpol_graph_registrations.h">
      <Filter>graphs</Filter>
    </ClInclude>
    <ClInclude Include="..\..\graphs\interpol_chunk_size_definitions.h">
      <Filter>graphs</Filter>
    </ClInclude>
    <ClInclude Include="..\..\graphs\interp_bicubic_grayscale_apu_process_desc.hpp">
      <Filter>graphs</Filter>
    </ClInclude>
    <ClInclude Include="..\..\graphs\interp_bicubic_grayscale_graph.hpp">
      <Filter>graphs</Filter>
    </ClInclude>
  </ItemGroup>
</Project>