Microsoft Visual Studio Solution File, Format Version 12.00
# Visual Studio 2013
VisualStudioVersion = 12.0.31101.0
MinimumVisualStudioVersion = 10.0.40219.1
Project("{8BC9CEB8-8B4A-11D0-8D11-00A0C91BC942}") = "face_detection_lbp_apex2_emu", "face_detection_lbp_apex2_emu.vcxproj", "{855B3E3B-89E7-4065-A87D-FD0F3E7C7E27}"
EndProject
Project("{8BC9CEB8-8B4A-11D0-8D11-00A0C91BC942}") = "ACF_lib", "..\..\..\..\tools\emu\acf\build-deskwin32\mvc\ACF_lib.vcxproj", "{2180B2FD-44A1-4D04-B39E-DB2085617C79}"
EndProject
Project("{8BC9CEB8-8B4A-11D0-8D11-00A0C91BC942}") = "APU_lib", "..\..\..\..\tools\emu\apu\build-deskwin32\mvc\APU_lib.vcxproj", "{FAA8B398-F947-4142-864A-AD16F87569FE}"
EndProject
Project("{8BC9CEB8-8B4A-11D0-8D11-00A0C91BC942}") = "object_detection_kernels_acf", "..\..\..\..\kernels\apu\object_detection_kernels\build-deskwin32\mvc\object_detection_kernels_acf.vcxproj", "{C28376B3-710B-4DCE-94B2-4FA2EF5CE806}"
EndProject
Project("{8BC9CEB8-8B4A-11D0-8D11-00A0C91BC942}") = "object_detection_kernels_apu", "..\..\..\..\kernels\apu\object_detection_kernels\build-deskwin32\mvc\object_detection_kernels_apu.vcxproj", "{05D2E36A-416C-4D9E-A1FD-D244CF1F1BC1}"
EndProject
Project("{8BC9CEB8-8B4A-11D0-8D11-00A0C91BC942}") = "optimization_kernels_acf", "..\..\..\..\kernels\apu\optimization_kernels\build-deskwin32\mvc\optimization_kernels_acf.vcxproj", "{91956BCA-53BB-4F2B-B3EC-0826E3743641}"
EndProject
Project("{8BC9CEB8-8B4A-11D0-8D11-00A0C91BC942}") = "optimization_kernels_apu", "..\..\..\..\kernels\apu\optimization_kernels\build-deskwin32\mvc\optimization_kernels_apu.vcxproj", "{F3357646-5E5A-46D3-916C-4A94E0DCB1A7}"
EndProject
Project("{8BC9CEB8-8B4A-11D0-8D11-00A0C91BC942}") = "arithmetic_kernels_acf", "..\..\..\..\kernels\apu\arithmetic_kernels\build-deskwin32\mvc\arithmetic_kernels_acf.vcxproj", "{935ADA6E-B633-47C9-BA56-A776DA2169FC}"
EndProject
Project("{8BC9CEB8-8B4A-11D0-8D11-00A0C91BC942}") = "arithmetic_kernels_apu", "..\..\..\..\kernels\apu\arithmetic_kernels\build-deskwin32\mvc\arithmetic_kernels_apu.vcxproj", "{50CC807D-CF2A-4DF2-A6F9-7363622B4F55}"
EndProject
Project("{8BC9CEB8-8B4A-11D0-8D11-00A0C91BC942}") = "common", "..\..\..\..\libs\arm\utils\common\build-deskwin32\mvc\common.vcxproj", "{89794E96-83E7-4D4F-B218-67E7323E3223}"
EndProject
Global
	GlobalSection(SolutionConfigurationPlatforms) = preSolution
		Debug|Win32 = Debug|Win32
		Release|Win32 = Release|Win32
	EndGlobalSection
	GlobalSection(ProjectConfigurationPlatforms) = postSolution
		{855B3E3B-89E7-4065-A87D-FD0F3E7C7E27}.Debug|Win32.ActiveCfg = Debug|Win32
		{855B3E3B-89E7-4065-A87D-FD0F3E7C7E27}.Debug|Win32.Build.0 = Debug|Win32
		{855B3E3B-89E7-4065-A87D-FD0F3E7C7E27}.Release|Win32.ActiveCfg = Release|Win32
		{855B3E3B-89E7-4065-A87D-FD0F3E7C7E27}.Release|Win32.Build.0 = Release|Win32
		{2180B2FD-44A1-4D04-B39E-DB2085617C79}.Debug|Win32.ActiveCfg = Debug|Win32
		{2180B2FD-44A1-4D04-B39E-DB2085617C79}.Debug|Win32.Build.0 = Debug|Win32
		{2180B2FD-44A1-4D04-B39E-DB2085617C79}.Release|Win32.ActiveCfg = Release|Win32
		{2180B2FD-44A1-4D04-B39E-DB2085617C79}.Release|Win32.Build.0 = Release|Win32
		{FAA8B398-F947-4142-864A-AD16F87569FE}.Debug|Win32.ActiveCfg = Debug|Win32
		{FAA8B398-F947-4142-864A-AD16F87569FE}.Debug|Win32.Build.0 = Debug|Win32
		{FAA8B398-F947-4142-864A-AD16F87569FE}.Release|Win32.ActiveCfg = Release|Win32
		{FAA8B398-F947-4142-864A-AD16F87569FE}.Release|Win32.Build.0 = Release|Win32
		{C28376B3-710B-4DCE-94B2-4FA2EF5CE806}.Debug|Win32.ActiveCfg = Debug|Win32
		{C28376B3-710B-4DCE-94B2-4FA2EF5CE806}.Debug|Win32.Build.0 = Debug|Win32
		{C28376B3-710B-4DCE-94B2-4FA2EF5CE806}.Release|Win32.ActiveCfg = Release|Win32
		{C28376B3-710B-4DCE-94B2-4FA2EF5CE806}.Release|Win32.Build.0 = Release|Win32
		{05D2E36A-416C-4D9E-A1FD-D244CF1F1BC1}.Debug|Win32.ActiveCfg = Debug|Win32
		{05D2E36A-416C-4D9E-A1FD-D244CF1F1BC1}.Debug|Win32.Build.0 = Debug|Win32
		{05D2E36A-416C-4D9E-A1FD-D244CF1F1BC1}.Release|Win32.ActiveCfg = Release|Win32
		{05D2E36A-416C-4D9E-A1FD-D244CF1F1BC1}.Release|Win32.Build.0 = Release|Win32
		{91956BCA-53BB-4F2B-B3EC-0826E3743641}.Debug|Win32.ActiveCfg = Debug|Win32
		{91956BCA-53BB-4F2B-B3EC-0826E3743641}.Debug|Win32.Build.0 = Debug|Win32
		{91956BCA-53BB-4F2B-B3EC-0826E3743641}.Release|Win32.ActiveCfg = Release|Win32
		{91956BCA-53BB-4F2B-B3EC-0826E3743641}.Release|Win32.Build.0 = Release|Win32
		{F3357646-5E5A-46D3-916C-4A94E0DCB1A7}.Debug|Win32.ActiveCfg = Debug|Win32
		{F3357646-5E5A-46D3-916C-4A94E0DCB1A7}.Debug|Win32.Build.0 = Debug|Win32
		{F3357646-5E5A-46D3-916C-4A94E0DCB1A7}.Release|Win32.ActiveCfg = Release|Win32
		{F3357646-5E5A-46D3-916C-4A94E0DCB1A7}.Release|Win32.Build.0 = Release|Win32
		{935ADA6E-B633-47C9-BA56-A776DA2169FC}.Debug|Win32.ActiveCfg = Debug|Win32
		{935ADA6E-B633-47C9-BA56-A776DA2169FC}.Debug|Win32.Build.0 = Debug|Win32
		{935ADA6E-B633-47C9-BA56-A776DA2169FC}.Release|Win32.ActiveCfg = Release|Win32
		{935ADA6E-B633-47C9-BA56-A776DA2169FC}.Release|Win32.Build.0 = Release|Win32
		{50CC807D-CF2A-4DF2-A6F9-7363622B4F55}.Debug|Win32.ActiveCfg = Debug|Win32
		{50CC807D-CF2A-4DF2-A6F9-7363622B4F55}.Debug|Win32.Build.0 = Debug|Win32
		{50CC807D-CF2A-4DF2-A6F9-7363622B4F55}.Release|Win32.ActiveCfg = Release|Win32
		{50CC807D-CF2A-4DF2-A6F9-7363622B4F55}.Release|Win32.Build.0 = Release|Win32
		{89794E96-83E7-4D4F-B218-67E7323E3223}.Debug|Win32.ActiveCfg = Debug|Win32
		{89794E96-83E7-4D4F-B218-67E7323E3223}.Debug|Win32.Build.0 = Debug|Win32
		{89794E96-83E7-4D4F-B218-67E7323E3223}.Release|Win32.ActiveCfg = Release|Win32
		{89794E96-83E7-4D4F-B218-67E7323E3223}.Release|Win32.Build.0 = Release|Win32
	EndGlobalSection
	GlobalSection(SolutionProperties) = preSolution
		HideSolutionNode = FALSE
	EndGlobalSection
EndGlobal
